
Microsoft Visual Studio Solution File, Format Version 12.00
# Visual Studio 15
VisualStudioVersion = 15.0.27428.2027
MinimumVisualStudioVersion = 10.0.40219.1
Project("{FAE04EC0-301F-11D3-BF4B-00C04F79EFBC}") = "FSViewer", "FSViewer\FSViewer.csproj", "{547CB179-806F-42F3-9EAA-8628CD8941B7}"
EndProject
Global
	GlobalSection(SolutionConfigurationPlatforms) = preSolution
		Debug|Any CPU = Debug|Any CPU
		Release|Any CPU = Release|Any CPU
	EndGlobalSection
	GlobalSection(ProjectConfigurationPlatforms) = postSolution
		{547CB179-806F-42F3-9EAA-8628CD8941B7}.Debug|Any CPU.ActiveCfg = Debug|Any CPU
		{547CB179-806F-42F3-9EAA-8628CD8941B7}.Debug|Any CPU.Build.0 = Debug|Any CPU
		{547CB179-806F-42F3-9EAA-8628CD8941B7}.Release|Any CPU.ActiveCfg = Release|Any CPU
		{547CB179-806F-42F3-9EAA-8628CD8941B7}.Release|Any CPU.Build.0 = Release|Any CPU
	EndGlobalSection
	GlobalSection(SolutionProperties) = preSolution
		HideSolutionNode = FALSE
	EndGlobalSection
	GlobalSection(ExtensibilityGlobals) = postSolution
		SolutionGuid = {047D7E73-B86E-4266-82CB-346D56D6E64F}
	EndGlobalSection
EndGlobal
